
Microsoft Visual Studio Solution File, Format Version 12.00
# Visual Studio Version 16
VisualStudioVersion = 16.0.32901.82
MinimumVisualStudioVersion = 10.0.40219.1
Project("{FAE04EC0-301F-11D3-BF4B-00C04F79EFBC}") = "CSharp.Capitulo01.Variaveis", "CSharp.Capitulo01.Variaveis\CSharp.Capitulo01.Variaveis.csproj", "{16FB4891-A027-4F4A-8792-8B201FC8914A}"
EndProject
Project("{9A19103F-16F7-4668-BE54-9A1E7A4F7556}") = "CSharp.Capitulo01.ValeTransporte", "CSharp.Capitulo01.ValeTransporte\CSharp.Capitulo01.ValeTransporte.csproj", "{F0C3696B-0ECE-47B9-97C6-97D1CE4ED71B}"
EndProject
Project("{9A19103F-16F7-4668-BE54-9A1E7A4F7556}") = "CSharp.Capitulo02.GeradorSenha", "CSharp.Capitulo02.GeradorSenha\CSharp.Capitulo02.GeradorSenha.csproj", "{6D8710D2-064E-479E-A26A-DA6490D2458E}"
EndProject
Project("{9A19103F-16F7-4668-BE54-9A1E7A4F7556}") = "CSharp.Capitulo02.EstruturasControle.Testes", "CSharp.Capitulo02.EstruturasControle.Testes\CSharp.Capitulo02.EstruturasControle.Testes.csproj", "{723159F7-5963-41EE-A4AE-FBE169A75621}"
EndProject
Project("{9A19103F-16F7-4668-BE54-9A1E7A4F7556}") = "CSharp.Capitulo08.Colecoes.Teste", "CSharp.Capitulo08.Colecoes.Teste\CSharp.Capitulo08.Colecoes.Teste.csproj", "{7A2CA16E-365A-4B8C-9886-E54AB75EFBC1}"
EndProject
Project("{9A19103F-16F7-4668-BE54-9A1E7A4F7556}") = "Fintech.Dominio", "Fintech.Dominio\Fintech.Dominio.csproj", "{D5E47251-9665-46B0-B186-B79A78844B87}"
EndProject
Project("{2150E333-8FDC-42A3-9474-1A3956D46DE8}") = "Fintech", "Fintech", "{DA1D9D28-0F00-4325-B4DB-E4C5B6F54E49}"
EndProject
Project("{9A19103F-16F7-4668-BE54-9A1E7A4F7556}") = "Fintech.Correntista.Wpf", "Fintech.Correntista.Wpf\Fintech.Correntista.Wpf.csproj", "{A4E6F22C-ADE8-44E1-AC2A-A891CA92B3C4}"
EndProject
Project("{9A19103F-16F7-4668-BE54-9A1E7A4F7556}") = "CSharp.Capitulo02.GeradorSenhaTests", "CSharp.Capitulo02.GeradorSenhaTests\CSharp.Capitulo02.GeradorSenhaTests.csproj", "{E9C9BB4B-8961-410F-9959-13C829E5375C}"
EndProject
Project("{FAE04EC0-301F-11D3-BF4B-00C04F79EFBC}") = "Fintech.Repositorios.SistemaArquivos", "Fintech.Repositorios.SistemaArquivos\Fintech.Repositorios.SistemaArquivos.csproj", "{809038C0-11BF-4C97-BE04-A763D365E065}"
EndProject
Global
	GlobalSection(SolutionConfigurationPlatforms) = preSolution
		Debug|Any CPU = Debug|Any CPU
		Release|Any CPU = Release|Any CPU
	EndGlobalSection
	GlobalSection(ProjectConfigurationPlatforms) = postSolution
		{16FB4891-A027-4F4A-8792-8B201FC8914A}.Debug|Any CPU.ActiveCfg = Debug|Any CPU
		{16FB4891-A027-4F4A-8792-8B201FC8914A}.Debug|Any CPU.Build.0 = Debug|Any CPU
		{16FB4891-A027-4F4A-8792-8B201FC8914A}.Release|Any CPU.ActiveCfg = Release|Any CPU
		{16FB4891-A027-4F4A-8792-8B201FC8914A}.Release|Any CPU.Build.0 = Release|Any CPU
		{F0C3696B-0ECE-47B9-97C6-97D1CE4ED71B}.Debug|Any CPU.ActiveCfg = Debug|Any CPU
		{F0C3696B-0ECE-47B9-97C6-97D1CE4ED71B}.Debug|Any CPU.Build.0 = Debug|Any CPU
		{F0C3696B-0ECE-47B9-97C6-97D1CE4ED71B}.Release|Any CPU.ActiveCfg = Release|Any CPU
		{F0C3696B-0ECE-47B9-97C6-97D1CE4ED71B}.Release|Any CPU.Build.0 = Release|Any CPU
		{6D8710D2-064E-479E-A26A-DA6490D2458E}.Debug|Any CPU.ActiveCfg = Debug|Any CPU
		{6D8710D2-064E-479E-A26A-DA6490D2458E}.Debug|Any CPU.Build.0 = Debug|Any CPU
		{6D8710D2-064E-479E-A26A-DA6490D2458E}.Release|Any CPU.ActiveCfg = Release|Any CPU
		{6D8710D2-064E-479E-A26A-DA6490D2458E}.Release|Any CPU.Build.0 = Release|Any CPU
		{723159F7-5963-41EE-A4AE-FBE169A75621}.Debug|Any CPU.ActiveCfg = Debug|Any CPU
		{723159F7-5963-41EE-A4AE-FBE169A75621}.Debug|Any CPU.Build.0 = Debug|Any CPU
		{723159F7-5963-41EE-A4AE-FBE169A75621}.Release|Any CPU.ActiveCfg = Release|Any CPU
		{723159F7-5963-41EE-A4AE-FBE169A75621}.Release|Any CPU.Build.0 = Release|Any CPU
		{7A2CA16E-365A-4B8C-9886-E54AB75EFBC1}.Debug|Any CPU.ActiveCfg = Debug|Any CPU
		{7A2CA16E-365A-4B8C-9886-E54AB75EFBC1}.Debug|Any CPU.Build.0 = Debug|Any CPU
		{7A2CA16E-365A-4B8C-9886-E54AB75EFBC1}.Release|Any CPU.ActiveCfg = Release|Any CPU
		{7A2CA16E-365A-4B8C-9886-E54AB75EFBC1}.Release|Any CPU.Build.0 = Release|Any CPU
		{D5E47251-9665-46B0-B186-B79A78844B87}.Debug|Any CPU.ActiveCfg = Debug|Any CPU
		{D5E47251-9665-46B0-B186-B79A78844B87}.Debug|Any CPU.Build.0 = Debug|Any CPU
		{D5E47251-9665-46B0-B186-B79A78844B87}.Release|Any CPU.ActiveCfg = Release|Any CPU
		{D5E47251-9665-46B0-B186-B79A78844B87}.Release|Any CPU.Build.0 = Release|Any CPU
		{A4E6F22C-ADE8-44E1-AC2A-A891CA92B3C4}.Debug|Any CPU.ActiveCfg = Debug|Any CPU
		{A4E6F22C-ADE8-44E1-AC2A-A891CA92B3C4}.Debug|Any CPU.Build.0 = Debug|Any CPU
		{A4E6F22C-ADE8-44E1-AC2A-A891CA92B3C4}.Release|Any CPU.ActiveCfg = Release|Any CPU
		{A4E6F22C-ADE8-44E1-AC2A-A891CA92B3C4}.Release|Any CPU.Build.0 = Release|Any CPU
		{E9C9BB4B-8961-410F-9959-13C829E5375C}.Debug|Any CPU.ActiveCfg = Debug|Any CPU
		{E9C9BB4B-8961-410F-9959-13C829E5375C}.Debug|Any CPU.Build.0 = Debug|Any CPU
		{E9C9BB4B-8961-410F-9959-13C829E5375C}.Release|Any CPU.ActiveCfg = Release|Any CPU
		{E9C9BB4B-8961-410F-9959-13C829E5375C}.Release|Any CPU.Build.0 = Release|Any CPU
		{809038C0-11BF-4C97-BE04-A763D365E065}.Debug|Any CPU.ActiveCfg = Debug|Any CPU
		{809038C0-11BF-4C97-BE04-A763D365E065}.Debug|Any CPU.Build.0 = Debug|Any CPU
		{809038C0-11BF-4C97-BE04-A763D365E065}.Release|Any CPU.ActiveCfg = Release|Any CPU
		{809038C0-11BF-4C97-BE04-A763D365E065}.Release|Any CPU.Build.0 = Release|Any CPU
	EndGlobalSection
	GlobalSection(SolutionProperties) = preSolution
		HideSolutionNode = FALSE
	EndGlobalSection
	GlobalSection(NestedProjects) = preSolution
		{D5E47251-9665-46B0-B186-B79A78844B87} = {DA1D9D28-0F00-4325-B4DB-E4C5B6F54E49}
		{A4E6F22C-ADE8-44E1-AC2A-A891CA92B3C4} = {DA1D9D28-0F00-4325-B4DB-E4C5B6F54E49}
		{809038C0-11BF-4C97-BE04-A763D365E065} = {DA1D9D28-0F00-4325-B4DB-E4C5B6F54E49}
	EndGlobalSection
	GlobalSection(ExtensibilityGlobals) = postSolution
		SolutionGuid = {34BBFA7D-6640-4E8E-80F2-14518D9C78F5}
	EndGlobalSection
EndGlobal
